
Microsoft Visual Studio Solution File, Format Version 12.00
# Visual Studio Version 17
VisualStudioVersion = 17.8.34408.163
MinimumVisualStudioVersion = 10.0.40219.1
Project("{FAE04EC0-301F-11D3-BF4B-00C04F79EFBC}") = "Taskify.API", "Taskify.API\Taskify.API.csproj", "{CE34AE2B-71CD-49B9-A189-37FAE66E942C}"
EndProject
Project("{FAE04EC0-301F-11D3-BF4B-00C04F79EFBC}") = "Taskify.Core", "Taskify.Core\Taskify.Core.csproj", "{1E3F8CDC-AA54-4BF1-AE86-A8E7256D8EBC}"
EndProject
Project("{FAE04EC0-301F-11D3-BF4B-00C04F79EFBC}") = "Taskify.BLL", "Taskify.BLL\Taskify.BLL.csproj", "{4AB094C4-7858-4BEF-BA51-550CD8EBBAB2}"
EndProject
Project("{FAE04EC0-301F-11D3-BF4B-00C04F79EFBC}") = "Taskify.DAL", "Taskify.DAL\Taskify.DAL.csproj", "{D68D8F18-92BE-4738-9DF6-30D222ECE04F}"
EndProject
Global
	GlobalSection(SolutionConfigurationPlatforms) = preSolution
		Debug|Any CPU = Debug|Any CPU
		Release|Any CPU = Release|Any CPU
	EndGlobalSection
	GlobalSection(ProjectConfigurationPlatforms) = postSolution
		{CE34AE2B-71CD-49B9-A189-37FAE66E942C}.Debug|Any CPU.ActiveCfg = Debug|Any CPU
		{CE34AE2B-71CD-49B9-A189-37FAE66E942C}.Debug|Any CPU.Build.0 = Debug|Any CPU
		{CE34AE2B-71CD-49B9-A189-37FAE66E942C}.Release|Any CPU.ActiveCfg = Release|Any CPU
		{CE34AE2B-71CD-49B9-A189-37FAE66E942C}.Release|Any CPU.Build.0 = Release|Any CPU
		{1E3F8CDC-AA54-4BF1-AE86-A8E7256D8EBC}.Debug|Any CPU.ActiveCfg = Debug|Any CPU
		{1E3F8CDC-AA54-4BF1-AE86-A8E7256D8EBC}.Debug|Any CPU.Build.0 = Debug|Any CPU
		{1E3F8CDC-AA54-4BF1-AE86-A8E7256D8EBC}.Release|Any CPU.ActiveCfg = Release|Any CPU
		{1E3F8CDC-AA54-4BF1-AE86-A8E7256D8EBC}.Release|Any CPU.Build.0 = Release|Any CPU
		{4AB094C4-7858-4BEF-BA51-550CD8EBBAB2}.Debug|Any CPU.ActiveCfg = Debug|Any CPU
		{4AB094C4-7858-4BEF-BA51-550CD8EBBAB2}.Debug|Any CPU.Build.0 = Debug|Any CPU
		{4AB094C4-7858-4BEF-BA51-550CD8EBBAB2}.Release|Any CPU.ActiveCfg = Release|Any CPU
		{4AB094C4-7858-4BEF-BA51-550CD8EBBAB2}.Release|Any CPU.Build.0 = Release|Any CPU
		{D68D8F18-92BE-4738-9DF6-30D222ECE04F}.Debug|Any CPU.ActiveCfg = Debug|Any CPU
		{D68D8F18-92BE-4738-9DF6-30D222ECE04F}.Debug|Any CPU.Build.0 = Debug|Any CPU
		{D68D8F18-92BE-4738-9DF6-30D222ECE04F}.Release|Any CPU.ActiveCfg = Release|Any CPU
		{D68D8F18-92BE-4738-9DF6-30D222ECE04F}.Release|Any CPU.Build.0 = Release|Any CPU
	EndGlobalSection
	GlobalSection(SolutionProperties) = preSolution
		HideSolutionNode = FALSE
	EndGlobalSection
	GlobalSection(ExtensibilityGlobals) = postSolution
		SolutionGuid = {FA8AA064-BDB8-4DD9-91B0-D074E969F2A0}
	EndGlobalSection
EndGlobal
